
Microsoft Visual Studio Solution File, Format Version 12.00
# Visual Studio Version 17
VisualStudioVersion = 17.0.32112.339
MinimumVisualStudioVersion = 10.0.40219.1
Project("{9A19103F-16F7-4668-BE54-9A1E7A4F7556}") = "SolidCqrsFramework", "SolidCqrsFramework.csproj", "{B0F2AA8E-41C5-48C4-946D-64313A35691C}"
EndProject
Global
	GlobalSection(SolutionConfigurationPlatforms) = preSolution
		Debug|Any CPU = Debug|Any CPU
		Release|Any CPU = Release|Any CPU
	EndGlobalSection
	GlobalSection(ProjectConfigurationPlatforms) = postSolution
		{B0F2AA8E-41C5-48C4-946D-64313A35691C}.Debug|Any CPU.ActiveCfg = Debug|Any CPU
		{B0F2AA8E-41C5-48C4-946D-64313A35691C}.Debug|Any CPU.Build.0 = Debug|Any CPU
		{B0F2AA8E-41C5-48C4-946D-64313A35691C}.Release|Any CPU.ActiveCfg = Release|Any CPU
		{B0F2AA8E-41C5-48C4-946D-64313A35691C}.Release|Any CPU.Build.0 = Release|Any CPU
	EndGlobalSection
	GlobalSection(SolutionProperties) = preSolution
		HideSolutionNode = FALSE
	EndGlobalSection
	GlobalSection(ExtensibilityGlobals) = postSolution
		SolutionGuid = {29D0A5B4-C3DD-46D0-99C6-D13EC536F4D1}
	EndGlobalSection
EndGlobal
